
Microsoft Visual Studio Solution File, Format Version 12.00
# Visual Studio 15
VisualStudioVersion = 15.0.28307.2092
MinimumVisualStudioVersion = 10.0.40219.1
Project("{8BC9CEB8-8B4A-11D0-8D11-00A0C91BC942}") = "5_fill", "5_fill\5_fill.vcxproj", "{EDF22BB1-1578-49EB-AF93-954E4C74C1BC}"
EndProject
Global
	GlobalSection(SolutionConfigurationPlatforms) = preSolution
		Debug|x64 = Debug|x64
		Debug|x86 = Debug|x86
		Release|x64 = Release|x64
		Release|x86 = Release|x86
	EndGlobalSection
	GlobalSection(ProjectConfigurationPlatforms) = postSolution
		{EDF22BB1-1578-49EB-AF93-954E4C74C1BC}.Debug|x64.ActiveCfg = Debug|x64
		{EDF22BB1-1578-49EB-AF93-954E4C74C1BC}.Debug|x64.Build.0 = Debug|x64
		{EDF22BB1-1578-49EB-AF93-954E4C74C1BC}.Debug|x86.ActiveCfg = Debug|Win32
		{EDF22BB1-1578-49EB-AF93-954E4C74C1BC}.Debug|x86.Build.0 = Debug|Win32
		{EDF22BB1-1578-49EB-AF93-954E4C74C1BC}.Release|x64.ActiveCfg = Release|x64
		{EDF22BB1-1578-49EB-AF93-954E4C74C1BC}.Release|x64.Build.0 = Release|x64
		{EDF22BB1-1578-49EB-AF93-954E4C74C1BC}.Release|x86.ActiveCfg = Release|Win32
		{EDF22BB1-1578-49EB-AF93-954E4C74C1BC}.Release|x86.Build.0 = Release|Win32
	EndGlobalSection
	GlobalSection(SolutionProperties) = preSolution
		HideSolutionNode = FALSE
	EndGlobalSection
	GlobalSection(ExtensibilityGlobals) = postSolution
		SolutionGuid = {442C8C43-FB13-4646-B6B9-AEA983F1DB44}
	EndGlobalSection
EndGlobal
